{
  "originHash" : "3db0f50c2c369da8703b1f6406d694c28b53ebbd275e99f5fef517e3f3ce78ea",
  "pins" : [
    {
      "identity" : "boxo-ios-spm",
      "kind" : "remoteSourceControl",
      "location" : "https://github.com/Appboxo/boxo-ios-spm.git",
      "state" : {
        "revision" : "01bf8aef9cc09d47b39a897eef0da969ae794bf1",
        "version" : "1.10.2"
      }
    }
  ],
  "version" : 3
}
